
Microsoft Visual Studio Solution File, Format Version 12.00
# Visual Studio Version 17
VisualStudioVersion = 17.13.35818.85
MinimumVisualStudioVersion = 10.0.40219.1
Project("{2150E333-8FDC-42A3-9474-1A3956D46DE8}") = "MicroServices", "MicroServices", "{02EA681E-C7D8-13C7-8484-4AC65E1B71E8}"
EndProject
Project("{2150E333-8FDC-42A3-9474-1A3956D46DE8}") = "SharedKernel", "SharedKernel", "{BCBA65DF-B67F-44E6-A612-61B5D54CFEA2}"
EndProject
Project("{2150E333-8FDC-42A3-9474-1A3956D46DE8}") = "Catalog", "Catalog", "{2C8D0D1C-8902-42AA-A708-61A5819254B9}"
EndProject
Project("{2150E333-8FDC-42A3-9474-1A3956D46DE8}") = "Rental", "Rental", "{D6DB0CC3-A97F-4F4F-B578-946AA95C66C3}"
EndProject
Project("{2150E333-8FDC-42A3-9474-1A3956D46DE8}") = "Billing", "Billing", "{B82E3536-5A46-4AA1-975A-BF1ED717AB80}"
EndProject
Project("{2150E333-8FDC-42A3-9474-1A3956D46DE8}") = "Inventory", "Inventory", "{24AF25B2-CD7B-418C-9470-FB8C02B8A3C2}"
EndProject
Project("{2150E333-8FDC-42A3-9474-1A3956D46DE8}") = "Notification", "Notification", "{0E31C493-A376-4E85-BB0C-195FFD004EFA}"
EndProject
Project("{2150E333-8FDC-42A3-9474-1A3956D46DE8}") = "01-Core", "01-Core", "{129485C7-F418-48D7-BCBB-C70DBFD0CF46}"
EndProject
Project("{2150E333-8FDC-42A3-9474-1A3956D46DE8}") = "02-Infrastructure", "02-Infrastructure", "{EB901876-A6ED-46A7-92C5-8C36F8620497}"
EndProject
Project("{2150E333-8FDC-42A3-9474-1A3956D46DE8}") = "03-API", "03-API", "{DE800833-1B32-4220-A7C3-8AD2F251315A}"
EndProject
Project("{2150E333-8FDC-42A3-9474-1A3956D46DE8}") = "Core", "Core", "{1BE0731B-BDB9-420F-AEA6-A5C9694D15AD}"
EndProject
Project("{2150E333-8FDC-42A3-9474-1A3956D46DE8}") = "Messaging", "Messaging", "{E4BB9269-0FA8-4998-A4E4-A20B215EB10F}"
EndProject
Project("{FAE04EC0-301F-11D3-BF4B-00C04F79EFBC}") = "Framework", "src\SharedKernel\Framework\Framework.csproj", "{844589A8-FC1C-45C7-B209-F8965D40EEF7}"
EndProject
Project("{FAE04EC0-301F-11D3-BF4B-00C04F79EFBC}") = "SharedKernel.Messaging", "src\SharedKernel\Messaging\SharedKernel.Messaging\SharedKernel.Messaging.csproj", "{8F64C29A-9661-462E-B15D-A95E442AE53F}"
EndProject
Project("{FAE04EC0-301F-11D3-BF4B-00C04F79EFBC}") = "Catalog.Domain", "src\MicroServices\Catalog\01-Core\Catalog.Domain\Catalog.Domain.csproj", "{FF655785-4750-394C-ED8C-CF10191F82E5}"
EndProject
Project("{FAE04EC0-301F-11D3-BF4B-00C04F79EFBC}") = "Catalog.Infrastructure", "src\MicroServices\Catalog\02-Infrastructure\Catalog.Infrastructure\Catalog.Infrastructure.csproj", "{A262E6BD-397D-3007-ADAB-10BE5C1093EF}"
EndProject
Project("{FAE04EC0-301F-11D3-BF4B-00C04F79EFBC}") = "Catalog.API.Grpc.Client", "src\MicroServices\Catalog\03-API\API.Grpc.Client\Catalog.API.Grpc.Client\Catalog.API.Grpc.Client.csproj", "{88DBFBAA-46AD-430F-A7D6-680C507CFFB2}"
EndProject
Project("{FAE04EC0-301F-11D3-BF4B-00C04F79EFBC}") = "Catalog.API.Grpc", "src\MicroServices\Catalog\03-API\Catalog.API.Grpc\Catalog.API.Grpc.csproj", "{C14EBF0C-C7CD-4943-A74D-4B8596334C01}"
EndProject
Project("{FAE04EC0-301F-11D3-BF4B-00C04F79EFBC}") = "Catalog.API.Grpc.Verification", "src\MicroServices\Catalog\03-API\Catalog.API.Grpc.Verification\Catalog.API.Grpc.Verification.csproj", "{4963A590-CE38-43AC-8001-7E94C0FF80B4}"
EndProject
Project("{FAE04EC0-301F-11D3-BF4B-00C04F79EFBC}") = "Catalog.ApplicationServices", "src\MicroServices\Catalog\01-Core\Catalog.ApplicationServices\Catalog.ApplicationServices.csproj", "{B9A8BD74-2E4E-4589-96FC-937DECEAA86D}"
EndProject
Project("{2150E333-8FDC-42A3-9474-1A3956D46DE8}") = "Website", "Website", "{16EB5D58-6FAC-4983-8718-6EC0B63D1771}"
EndProject
Project("{FAE04EC0-301F-11D3-BF4B-00C04F79EFBC}") = "Website", "src\MicroServices\Website\Website\Website.csproj", "{A819181E-8722-4BD8-80CF-00C3748EBE18}"
EndProject
Project("{2150E333-8FDC-42A3-9474-1A3956D46DE8}") = "01-Core", "01-Core", "{80E3E92F-FB48-49E3-A520-FB98500DC300}"
EndProject
Project("{2150E333-8FDC-42A3-9474-1A3956D46DE8}") = "02-Infrastructure", "02-Infrastructure", "{5C44689F-95E0-460B-9D9E-C883BF7774F6}"
EndProject
Project("{2150E333-8FDC-42A3-9474-1A3956D46DE8}") = "03-API", "03-API", "{543BDDBB-8B4D-4D9A-B973-BAD0DF06CA9B}"
EndProject
Project("{FAE04EC0-301F-11D3-BF4B-00C04F79EFBC}") = "Rental.Domain", "src\MicroServices\Rental\01-Core\Rental.Domain\Rental.Domain.csproj", "{5A61F6EF-F044-44A6-AF5B-77E68FA1766B}"
EndProject
Project("{FAE04EC0-301F-11D3-BF4B-00C04F79EFBC}") = "Rental.ApplicationServices", "src\MicroServices\Rental\01-Core\Rental.ApplicationServices\Rental.ApplicationServices.csproj", "{EC523322-EF93-4A13-8CAA-428CE0135F68}"
EndProject
Project("{FAE04EC0-301F-11D3-BF4B-00C04F79EFBC}") = "Rental.API.Grpc", "src\MicroServices\Rental\03-API\Rental.API.Grpc\Rental.API.Grpc.csproj", "{C6098907-672D-47A0-8D16-FCECD9F149BD}"
EndProject
Project("{FAE04EC0-301F-11D3-BF4B-00C04F79EFBC}") = "Rental.API.Grpc.Client", "src\MicroServices\Rental\03-API\Rental.API.Grpc.Client\Rental.API.Grpc.Client.csproj", "{CCE287DA-D807-4CF9-B51A-6218C3113117}"
EndProject
Project("{FAE04EC0-301F-11D3-BF4B-00C04F79EFBC}") = "Rental.API.Grpc.Verification", "src\MicroServices\Rental\03-API\Rental.API.Grpc.Verification\Rental.API.Grpc.Verification.csproj", "{D4F86457-B521-462D-A0FF-265E1B3E5114}"
EndProject
Project("{2150E333-8FDC-42A3-9474-1A3956D46DE8}") = "01-Core", "01-Core", "{1F28F28E-838B-46CE-B706-B80F392DD100}"
EndProject
Project("{2150E333-8FDC-42A3-9474-1A3956D46DE8}") = "02-Infrastructure", "02-Infrastructure", "{8FB177C3-EC0C-4B2E-88E0-B07AA460C853}"
EndProject
Project("{2150E333-8FDC-42A3-9474-1A3956D46DE8}") = "03-API", "03-API", "{FE56983D-8092-4D3E-AB55-F339DCFDFD8B}"
EndProject
Project("{FAE04EC0-301F-11D3-BF4B-00C04F79EFBC}") = "Rental.Infrastructure", "src\MicroServices\Rental\02-Infrastructure\Rental.Infrastructure\Rental.Infrastructure.csproj", "{3BE282A6-AB93-C15F-126D-E54D5C5A9408}"
EndProject
Project("{FAE04EC0-301F-11D3-BF4B-00C04F79EFBC}") = "Inventory.Domain", "src\MicroServices\Inventory\01-Core\Inventory.Domain\Inventory.Domain.csproj", "{248E924F-D3CC-4450-AA44-0BEA6B927B1E}"
EndProject
Project("{FAE04EC0-301F-11D3-BF4B-00C04F79EFBC}") = "Inventory.API", "src\MicroServices\Inventory\03-API\Inventory.API\Inventory.API.csproj", "{9394F027-8D3A-4211-8AD5-8FA3E53A8C12}"
EndProject
Project("{FAE04EC0-301F-11D3-BF4B-00C04F79EFBC}") = "Inventory.ApplicationServices", "src\MicroServices\Inventory\01-Core\Inventory.ApplicationServices\Inventory.ApplicationServices.csproj", "{928D46DE-25FD-A845-A034-09FEC28FE52F}"
EndProject
Project("{FAE04EC0-301F-11D3-BF4B-00C04F79EFBC}") = "Inventory.Infrastructure", "src\MicroServices\Inventory\02-Infrastructure\Inventory.Infrastructure\Inventory.Infrastructure.csproj", "{F2DCF1D4-C96D-4E47-3E65-BA0D2D5DFF0A}"
EndProject
Global
	GlobalSection(SolutionConfigurationPlatforms) = preSolution
		Debug|Any CPU = Debug|Any CPU
		Release|Any CPU = Release|Any CPU
	EndGlobalSection
	GlobalSection(ProjectConfigurationPlatforms) = postSolution
		{844589A8-FC1C-45C7-B209-F8965D40EEF7}.Debug|Any CPU.ActiveCfg = Debug|Any CPU
		{844589A8-FC1C-45C7-B209-F8965D40EEF7}.Debug|Any CPU.Build.0 = Debug|Any CPU
		{844589A8-FC1C-45C7-B209-F8965D40EEF7}.Release|Any CPU.ActiveCfg = Release|Any CPU
		{844589A8-FC1C-45C7-B209-F8965D40EEF7}.Release|Any CPU.Build.0 = Release|Any CPU
		{8F64C29A-9661-462E-B15D-A95E442AE53F}.Debug|Any CPU.ActiveCfg = Debug|Any CPU
		{8F64C29A-9661-462E-B15D-A95E442AE53F}.Debug|Any CPU.Build.0 = Debug|Any CPU
		{8F64C29A-9661-462E-B15D-A95E442AE53F}.Release|Any CPU.ActiveCfg = Release|Any CPU
		{8F64C29A-9661-462E-B15D-A95E442AE53F}.Release|Any CPU.Build.0 = Release|Any CPU
		{FF655785-4750-394C-ED8C-CF10191F82E5}.Debug|Any CPU.ActiveCfg = Debug|Any CPU
		{FF655785-4750-394C-ED8C-CF10191F82E5}.Debug|Any CPU.Build.0 = Debug|Any CPU
		{FF655785-4750-394C-ED8C-CF10191F82E5}.Release|Any CPU.ActiveCfg = Release|Any CPU
		{FF655785-4750-394C-ED8C-CF10191F82E5}.Release|Any CPU.Build.0 = Release|Any CPU
		{A262E6BD-397D-3007-ADAB-10BE5C1093EF}.Debug|Any CPU.ActiveCfg = Debug|Any CPU
		{A262E6BD-397D-3007-ADAB-10BE5C1093EF}.Debug|Any CPU.Build.0 = Debug|Any CPU
		{A262E6BD-397D-3007-ADAB-10BE5C1093EF}.Release|Any CPU.ActiveCfg = Release|Any CPU
		{A262E6BD-397D-3007-ADAB-10BE5C1093EF}.Release|Any CPU.Build.0 = Release|Any CPU
		{88DBFBAA-46AD-430F-A7D6-680C507CFFB2}.Debug|Any CPU.ActiveCfg = Debug|Any CPU
		{88DBFBAA-46AD-430F-A7D6-680C507CFFB2}.Debug|Any CPU.Build.0 = Debug|Any CPU
		{88DBFBAA-46AD-430F-A7D6-680C507CFFB2}.Release|Any CPU.ActiveCfg = Release|Any CPU
		{88DBFBAA-46AD-430F-A7D6-680C507CFFB2}.Release|Any CPU.Build.0 = Release|Any CPU
		{C14EBF0C-C7CD-4943-A74D-4B8596334C01}.Debug|Any CPU.ActiveCfg = Debug|Any CPU
		{C14EBF0C-C7CD-4943-A74D-4B8596334C01}.Debug|Any CPU.Build.0 = Debug|Any CPU
		{C14EBF0C-C7CD-4943-A74D-4B8596334C01}.Release|Any CPU.ActiveCfg = Release|Any CPU
		{C14EBF0C-C7CD-4943-A74D-4B8596334C01}.Release|Any CPU.Build.0 = Release|Any CPU
		{4963A590-CE38-43AC-8001-7E94C0FF80B4}.Debug|Any CPU.ActiveCfg = Debug|Any CPU
		{4963A590-CE38-43AC-8001-7E94C0FF80B4}.Debug|Any CPU.Build.0 = Debug|Any CPU
		{4963A590-CE38-43AC-8001-7E94C0FF80B4}.Release|Any CPU.ActiveCfg = Release|Any CPU
		{4963A590-CE38-43AC-8001-7E94C0FF80B4}.Release|Any CPU.Build.0 = Release|Any CPU
		{B9A8BD74-2E4E-4589-96FC-937DECEAA86D}.Debug|Any CPU.ActiveCfg = Debug|Any CPU
		{B9A8BD74-2E4E-4589-96FC-937DECEAA86D}.Debug|Any CPU.Build.0 = Debug|Any CPU
		{B9A8BD74-2E4E-4589-96FC-937DECEAA86D}.Release|Any CPU.ActiveCfg = Release|Any CPU
		{B9A8BD74-2E4E-4589-96FC-937DECEAA86D}.Release|Any CPU.Build.0 = Release|Any CPU
		{A819181E-8722-4BD8-80CF-00C3748EBE18}.Debug|Any CPU.ActiveCfg = Debug|Any CPU
		{A819181E-8722-4BD8-80CF-00C3748EBE18}.Debug|Any CPU.Build.0 = Debug|Any CPU
		{A819181E-8722-4BD8-80CF-00C3748EBE18}.Release|Any CPU.ActiveCfg = Release|Any CPU
		{A819181E-8722-4BD8-80CF-00C3748EBE18}.Release|Any CPU.Build.0 = Release|Any CPU
		{5A61F6EF-F044-44A6-AF5B-77E68FA1766B}.Debug|Any CPU.ActiveCfg = Debug|Any CPU
		{5A61F6EF-F044-44A6-AF5B-77E68FA1766B}.Debug|Any CPU.Build.0 = Debug|Any CPU
		{5A61F6EF-F044-44A6-AF5B-77E68FA1766B}.Release|Any CPU.ActiveCfg = Release|Any CPU
		{5A61F6EF-F044-44A6-AF5B-77E68FA1766B}.Release|Any CPU.Build.0 = Release|Any CPU
		{EC523322-EF93-4A13-8CAA-428CE0135F68}.Debug|Any CPU.ActiveCfg = Debug|Any CPU
		{EC523322-EF93-4A13-8CAA-428CE0135F68}.Debug|Any CPU.Build.0 = Debug|Any CPU
		{EC523322-EF93-4A13-8CAA-428CE0135F68}.Release|Any CPU.ActiveCfg = Release|Any CPU
		{EC523322-EF93-4A13-8CAA-428CE0135F68}.Release|Any CPU.Build.0 = Release|Any CPU
		{C6098907-672D-47A0-8D16-FCECD9F149BD}.Debug|Any CPU.ActiveCfg = Debug|Any CPU
		{C6098907-672D-47A0-8D16-FCECD9F149BD}.Debug|Any CPU.Build.0 = Debug|Any CPU
		{C6098907-672D-47A0-8D16-FCECD9F149BD}.Release|Any CPU.ActiveCfg = Release|Any CPU
		{C6098907-672D-47A0-8D16-FCECD9F149BD}.Release|Any CPU.Build.0 = Release|Any CPU
		{CCE287DA-D807-4CF9-B51A-6218C3113117}.Debug|Any CPU.ActiveCfg = Debug|Any CPU
		{CCE287DA-D807-4CF9-B51A-6218C3113117}.Debug|Any CPU.Build.0 = Debug|Any CPU
		{CCE287DA-D807-4CF9-B51A-6218C3113117}.Release|Any CPU.ActiveCfg = Release|Any CPU
		{CCE287DA-D807-4CF9-B51A-6218C3113117}.Release|Any CPU.Build.0 = Release|Any CPU
		{D4F86457-B521-462D-A0FF-265E1B3E5114}.Debug|Any CPU.ActiveCfg = Debug|Any CPU
		{D4F86457-B521-462D-A0FF-265E1B3E5114}.Debug|Any CPU.Build.0 = Debug|Any CPU
		{D4F86457-B521-462D-A0FF-265E1B3E5114}.Release|Any CPU.ActiveCfg = Release|Any CPU
		{D4F86457-B521-462D-A0FF-265E1B3E5114}.Release|Any CPU.Build.0 = Release|Any CPU
		{3BE282A6-AB93-C15F-126D-E54D5C5A9408}.Debug|Any CPU.ActiveCfg = Debug|Any CPU
		{3BE282A6-AB93-C15F-126D-E54D5C5A9408}.Debug|Any CPU.Build.0 = Debug|Any CPU
		{3BE282A6-AB93-C15F-126D-E54D5C5A9408}.Release|Any CPU.ActiveCfg = Release|Any CPU
		{3BE282A6-AB93-C15F-126D-E54D5C5A9408}.Release|Any CPU.Build.0 = Release|Any CPU
		{248E924F-D3CC-4450-AA44-0BEA6B927B1E}.Debug|Any CPU.ActiveCfg = Debug|Any CPU
		{248E924F-D3CC-4450-AA44-0BEA6B927B1E}.Debug|Any CPU.Build.0 = Debug|Any CPU
		{248E924F-D3CC-4450-AA44-0BEA6B927B1E}.Release|Any CPU.ActiveCfg = Release|Any CPU
		{248E924F-D3CC-4450-AA44-0BEA6B927B1E}.Release|Any CPU.Build.0 = Release|Any CPU
		{9394F027-8D3A-4211-8AD5-8FA3E53A8C12}.Debug|Any CPU.ActiveCfg = Debug|Any CPU
		{9394F027-8D3A-4211-8AD5-8FA3E53A8C12}.Debug|Any CPU.Build.0 = Debug|Any CPU
		{9394F027-8D3A-4211-8AD5-8FA3E53A8C12}.Release|Any CPU.ActiveCfg = Release|Any CPU
		{9394F027-8D3A-4211-8AD5-8FA3E53A8C12}.Release|Any CPU.Build.0 = Release|Any CPU
		{928D46DE-25FD-A845-A034-09FEC28FE52F}.Debug|Any CPU.ActiveCfg = Debug|Any CPU
		{928D46DE-25FD-A845-A034-09FEC28FE52F}.Debug|Any CPU.Build.0 = Debug|Any CPU
		{928D46DE-25FD-A845-A034-09FEC28FE52F}.Release|Any CPU.ActiveCfg = Release|Any CPU
		{928D46DE-25FD-A845-A034-09FEC28FE52F}.Release|Any CPU.Build.0 = Release|Any CPU
		{F2DCF1D4-C96D-4E47-3E65-BA0D2D5DFF0A}.Debug|Any CPU.ActiveCfg = Debug|Any CPU
		{F2DCF1D4-C96D-4E47-3E65-BA0D2D5DFF0A}.Debug|Any CPU.Build.0 = Debug|Any CPU
		{F2DCF1D4-C96D-4E47-3E65-BA0D2D5DFF0A}.Release|Any CPU.ActiveCfg = Release|Any CPU
		{F2DCF1D4-C96D-4E47-3E65-BA0D2D5DFF0A}.Release|Any CPU.Build.0 = Release|Any CPU
	EndGlobalSection
	GlobalSection(SolutionProperties) = preSolution
		HideSolutionNode = FALSE
	EndGlobalSection
	GlobalSection(NestedProjects) = preSolution
		{2C8D0D1C-8902-42AA-A708-61A5819254B9} = {02EA681E-C7D8-13C7-8484-4AC65E1B71E8}
		{D6DB0CC3-A97F-4F4F-B578-946AA95C66C3} = {02EA681E-C7D8-13C7-8484-4AC65E1B71E8}
		{B82E3536-5A46-4AA1-975A-BF1ED717AB80} = {02EA681E-C7D8-13C7-8484-4AC65E1B71E8}
		{24AF25B2-CD7B-418C-9470-FB8C02B8A3C2} = {02EA681E-C7D8-13C7-8484-4AC65E1B71E8}
		{0E31C493-A376-4E85-BB0C-195FFD004EFA} = {02EA681E-C7D8-13C7-8484-4AC65E1B71E8}
		{129485C7-F418-48D7-BCBB-C70DBFD0CF46} = {2C8D0D1C-8902-42AA-A708-61A5819254B9}
		{EB901876-A6ED-46A7-92C5-8C36F8620497} = {2C8D0D1C-8902-42AA-A708-61A5819254B9}
		{DE800833-1B32-4220-A7C3-8AD2F251315A} = {2C8D0D1C-8902-42AA-A708-61A5819254B9}
		{1BE0731B-BDB9-420F-AEA6-A5C9694D15AD} = {BCBA65DF-B67F-44E6-A612-61B5D54CFEA2}
		{E4BB9269-0FA8-4998-A4E4-A20B215EB10F} = {BCBA65DF-B67F-44E6-A612-61B5D54CFEA2}
		{844589A8-FC1C-45C7-B209-F8965D40EEF7} = {1BE0731B-BDB9-420F-AEA6-A5C9694D15AD}
		{8F64C29A-9661-462E-B15D-A95E442AE53F} = {E4BB9269-0FA8-4998-A4E4-A20B215EB10F}
		{FF655785-4750-394C-ED8C-CF10191F82E5} = {129485C7-F418-48D7-BCBB-C70DBFD0CF46}
		{A262E6BD-397D-3007-ADAB-10BE5C1093EF} = {EB901876-A6ED-46A7-92C5-8C36F8620497}
		{88DBFBAA-46AD-430F-A7D6-680C507CFFB2} = {DE800833-1B32-4220-A7C3-8AD2F251315A}
		{C14EBF0C-C7CD-4943-A74D-4B8596334C01} = {DE800833-1B32-4220-A7C3-8AD2F251315A}
		{4963A590-CE38-43AC-8001-7E94C0FF80B4} = {DE800833-1B32-4220-A7C3-8AD2F251315A}
		{B9A8BD74-2E4E-4589-96FC-937DECEAA86D} = {129485C7-F418-48D7-BCBB-C70DBFD0CF46}
		{16EB5D58-6FAC-4983-8718-6EC0B63D1771} = {02EA681E-C7D8-13C7-8484-4AC65E1B71E8}
		{A819181E-8722-4BD8-80CF-00C3748EBE18} = {16EB5D58-6FAC-4983-8718-6EC0B63D1771}
		{80E3E92F-FB48-49E3-A520-FB98500DC300} = {D6DB0CC3-A97F-4F4F-B578-946AA95C66C3}
		{5C44689F-95E0-460B-9D9E-C883BF7774F6} = {D6DB0CC3-A97F-4F4F-B578-946AA95C66C3}
		{543BDDBB-8B4D-4D9A-B973-BAD0DF06CA9B} = {D6DB0CC3-A97F-4F4F-B578-946AA95C66C3}
		{5A61F6EF-F044-44A6-AF5B-77E68FA1766B} = {80E3E92F-FB48-49E3-A520-FB98500DC300}
		{EC523322-EF93-4A13-8CAA-428CE0135F68} = {80E3E92F-FB48-49E3-A520-FB98500DC300}
		{C6098907-672D-47A0-8D16-FCECD9F149BD} = {543BDDBB-8B4D-4D9A-B973-BAD0DF06CA9B}
		{CCE287DA-D807-4CF9-B51A-6218C3113117} = {543BDDBB-8B4D-4D9A-B973-BAD0DF06CA9B}
		{D4F86457-B521-462D-A0FF-265E1B3E5114} = {543BDDBB-8B4D-4D9A-B973-BAD0DF06CA9B}
		{1F28F28E-838B-46CE-B706-B80F392DD100} = {24AF25B2-CD7B-418C-9470-FB8C02B8A3C2}
		{8FB177C3-EC0C-4B2E-88E0-B07AA460C853} = {24AF25B2-CD7B-418C-9470-FB8C02B8A3C2}
		{FE56983D-8092-4D3E-AB55-F339DCFDFD8B} = {24AF25B2-CD7B-418C-9470-FB8C02B8A3C2}
		{3BE282A6-AB93-C15F-126D-E54D5C5A9408} = {5C44689F-95E0-460B-9D9E-C883BF7774F6}
		{248E924F-D3CC-4450-AA44-0BEA6B927B1E} = {1F28F28E-838B-46CE-B706-B80F392DD100}
		{9394F027-8D3A-4211-8AD5-8FA3E53A8C12} = {FE56983D-8092-4D3E-AB55-F339DCFDFD8B}
		{928D46DE-25FD-A845-A034-09FEC28FE52F} = {1F28F28E-838B-46CE-B706-B80F392DD100}
		{F2DCF1D4-C96D-4E47-3E65-BA0D2D5DFF0A} = {8FB177C3-EC0C-4B2E-88E0-B07AA460C853}
	EndGlobalSection
	GlobalSection(ExtensibilityGlobals) = postSolution
		SolutionGuid = {5929BD2B-F9E7-4193-A8D3-685286088163}
	EndGlobalSection
EndGlobal
