
Microsoft Visual Studio Solution File, Format Version 12.00
# Visual Studio Version 17
VisualStudioVersion = 17.13.35818.85
MinimumVisualStudioVersion = 10.0.40219.1
Project("{2150E333-8FDC-42A3-9474-1A3956D46DE8}") = "MicroServices", "MicroServices", "{02EA681E-C7D8-13C7-8484-4AC65E1B71E8}"
EndProject
Project("{2150E333-8FDC-42A3-9474-1A3956D46DE8}") = "SharedKernel", "SharedKernel", "{BCBA65DF-B67F-44E6-A612-61B5D54CFEA2}"
EndProject
Project("{2150E333-8FDC-42A3-9474-1A3956D46DE8}") = "Library.Repository", "Library.Repository", "{2C8D0D1C-8902-42AA-A708-61A5819254B9}"
EndProject
Project("{2150E333-8FDC-42A3-9474-1A3956D46DE8}") = "Rental", "Rental", "{D6DB0CC3-A97F-4F4F-B578-946AA95C66C3}"
EndProject
Project("{2150E333-8FDC-42A3-9474-1A3956D46DE8}") = "Billing", "Billing", "{B82E3536-5A46-4AA1-975A-BF1ED717AB80}"
EndProject
Project("{2150E333-8FDC-42A3-9474-1A3956D46DE8}") = "Inventory", "Inventory", "{24AF25B2-CD7B-418C-9470-FB8C02B8A3C2}"
EndProject
Project("{2150E333-8FDC-42A3-9474-1A3956D46DE8}") = "Notification", "Notification", "{0E31C493-A376-4E85-BB0C-195FFD004EFA}"
EndProject
Project("{2150E333-8FDC-42A3-9474-1A3956D46DE8}") = "01-Core", "01-Core", "{129485C7-F418-48D7-BCBB-C70DBFD0CF46}"
EndProject
Project("{2150E333-8FDC-42A3-9474-1A3956D46DE8}") = "02-Infrastructure", "02-Infrastructure", "{EB901876-A6ED-46A7-92C5-8C36F8620497}"
EndProject
Project("{2150E333-8FDC-42A3-9474-1A3956D46DE8}") = "03-API", "03-API", "{DE800833-1B32-4220-A7C3-8AD2F251315A}"
EndProject
Project("{2150E333-8FDC-42A3-9474-1A3956D46DE8}") = "Core", "Core", "{1BE0731B-BDB9-420F-AEA6-A5C9694D15AD}"
EndProject
Project("{2150E333-8FDC-42A3-9474-1A3956D46DE8}") = "Messaging", "Messaging", "{E4BB9269-0FA8-4998-A4E4-A20B215EB10F}"
EndProject
Project("{FAE04EC0-301F-11D3-BF4B-00C04F79EFBC}") = "Framework", "Src\SharedKernel\Framework\Framework.csproj", "{844589A8-FC1C-45C7-B209-F8965D40EEF7}"
EndProject
Project("{FAE04EC0-301F-11D3-BF4B-00C04F79EFBC}") = "Library.Repository.Domain", "Src\MicroServices\Library.Repository\01-Core\Library.Repository.Domain\Library.Repository.Domain.csproj", "{3F890F02-ABF0-1260-BEF8-3EE2930BB5FD}"
EndProject
Project("{FAE04EC0-301F-11D3-BF4B-00C04F79EFBC}") = "Library.Repository.Infrastructure", "Src\MicroServices\Library.Repository\02-Infrastructure\Library.Repository.Infrastructure\Library.Repository.Infrastructure.csproj", "{AD64D45D-3E76-BA7F-8F79-DF863271E09B}"
EndProject
Project("{FAE04EC0-301F-11D3-BF4B-00C04F79EFBC}") = "SharedKernel.Messaging", "Src\SharedKernel\Messaging\SharedKernel.Messaging\SharedKernel.Messaging.csproj", "{8F64C29A-9661-462E-B15D-A95E442AE53F}"
EndProject
Global
	GlobalSection(SolutionConfigurationPlatforms) = preSolution
		Debug|Any CPU = Debug|Any CPU
		Release|Any CPU = Release|Any CPU
	EndGlobalSection
	GlobalSection(ProjectConfigurationPlatforms) = postSolution
		{844589A8-FC1C-45C7-B209-F8965D40EEF7}.Debug|Any CPU.ActiveCfg = Debug|Any CPU
		{844589A8-FC1C-45C7-B209-F8965D40EEF7}.Debug|Any CPU.Build.0 = Debug|Any CPU
		{844589A8-FC1C-45C7-B209-F8965D40EEF7}.Release|Any CPU.ActiveCfg = Release|Any CPU
		{844589A8-FC1C-45C7-B209-F8965D40EEF7}.Release|Any CPU.Build.0 = Release|Any CPU
		{3F890F02-ABF0-1260-BEF8-3EE2930BB5FD}.Debug|Any CPU.ActiveCfg = Debug|Any CPU
		{3F890F02-ABF0-1260-BEF8-3EE2930BB5FD}.Debug|Any CPU.Build.0 = Debug|Any CPU
		{3F890F02-ABF0-1260-BEF8-3EE2930BB5FD}.Release|Any CPU.ActiveCfg = Release|Any CPU
		{3F890F02-ABF0-1260-BEF8-3EE2930BB5FD}.Release|Any CPU.Build.0 = Release|Any CPU
		{AD64D45D-3E76-BA7F-8F79-DF863271E09B}.Debug|Any CPU.ActiveCfg = Debug|Any CPU
		{AD64D45D-3E76-BA7F-8F79-DF863271E09B}.Debug|Any CPU.Build.0 = Debug|Any CPU
		{AD64D45D-3E76-BA7F-8F79-DF863271E09B}.Release|Any CPU.ActiveCfg = Release|Any CPU
		{AD64D45D-3E76-BA7F-8F79-DF863271E09B}.Release|Any CPU.Build.0 = Release|Any CPU
		{8F64C29A-9661-462E-B15D-A95E442AE53F}.Debug|Any CPU.ActiveCfg = Debug|Any CPU
		{8F64C29A-9661-462E-B15D-A95E442AE53F}.Debug|Any CPU.Build.0 = Debug|Any CPU
		{8F64C29A-9661-462E-B15D-A95E442AE53F}.Release|Any CPU.ActiveCfg = Release|Any CPU
		{8F64C29A-9661-462E-B15D-A95E442AE53F}.Release|Any CPU.Build.0 = Release|Any CPU
	EndGlobalSection
	GlobalSection(SolutionProperties) = preSolution
		HideSolutionNode = FALSE
	EndGlobalSection
	GlobalSection(NestedProjects) = preSolution
		{2C8D0D1C-8902-42AA-A708-61A5819254B9} = {02EA681E-C7D8-13C7-8484-4AC65E1B71E8}
		{D6DB0CC3-A97F-4F4F-B578-946AA95C66C3} = {02EA681E-C7D8-13C7-8484-4AC65E1B71E8}
		{B82E3536-5A46-4AA1-975A-BF1ED717AB80} = {02EA681E-C7D8-13C7-8484-4AC65E1B71E8}
		{24AF25B2-CD7B-418C-9470-FB8C02B8A3C2} = {02EA681E-C7D8-13C7-8484-4AC65E1B71E8}
		{0E31C493-A376-4E85-BB0C-195FFD004EFA} = {02EA681E-C7D8-13C7-8484-4AC65E1B71E8}
		{129485C7-F418-48D7-BCBB-C70DBFD0CF46} = {2C8D0D1C-8902-42AA-A708-61A5819254B9}
		{EB901876-A6ED-46A7-92C5-8C36F8620497} = {2C8D0D1C-8902-42AA-A708-61A5819254B9}
		{DE800833-1B32-4220-A7C3-8AD2F251315A} = {2C8D0D1C-8902-42AA-A708-61A5819254B9}
		{1BE0731B-BDB9-420F-AEA6-A5C9694D15AD} = {BCBA65DF-B67F-44E6-A612-61B5D54CFEA2}
		{E4BB9269-0FA8-4998-A4E4-A20B215EB10F} = {BCBA65DF-B67F-44E6-A612-61B5D54CFEA2}
		{844589A8-FC1C-45C7-B209-F8965D40EEF7} = {1BE0731B-BDB9-420F-AEA6-A5C9694D15AD}
		{3F890F02-ABF0-1260-BEF8-3EE2930BB5FD} = {129485C7-F418-48D7-BCBB-C70DBFD0CF46}
		{AD64D45D-3E76-BA7F-8F79-DF863271E09B} = {EB901876-A6ED-46A7-92C5-8C36F8620497}
		{8F64C29A-9661-462E-B15D-A95E442AE53F} = {E4BB9269-0FA8-4998-A4E4-A20B215EB10F}
	EndGlobalSection
	GlobalSection(ExtensibilityGlobals) = postSolution
		SolutionGuid = {5929BD2B-F9E7-4193-A8D3-685286088163}
	EndGlobalSection
EndGlobal
